<?xml version="1.0" encoding="utf-8"?>
<Project ToolsVersion="4.0" xmlns="http://schemas.microsoft.com/developer/msbuild/2003">
  <ItemGroup>
    <Filter Include="Source Files">
      <UniqueIdentifier>{4FC737F1-C7A5-4376-A066-2A32D752A2FF}</UniqueIdentifier>
      <Extensions>cpp;c;cc;cxx;def;odl;idl;hpj;bat;asm;asmx</Extensions>
    </Filter>
    <Filter Include="Header Files">
      <UniqueIdentifier>{93995380-89BD-4b04-88EB-625FBE52EBFB}</UniqueIdentifier>
      <Extensions>h;hh;hpp;hxx;hm;inl;inc;xsd</Extensions>
    </Filter>
    <Filter Include="Resource Files">
      <UniqueIdentifier>{67DA6AB6-F800-4c08-8B7A-83BB121AAD01}</UniqueIdentifier>
      <Extensions>rc;ico;cur;bmp;dlg;rc2;rct;bin;rgs;gif;jpg;jpeg;jpe;resx;tiff;tif;png;wav;mfcribbon-ms</Extensions>
    </Filter>
    <Filter Include="Source Files\Game">
      <UniqueIdentifier>{6ed7fe4b-63ee-48d0-a45e-6aa21ba08d00}</UniqueIdentifier>
    </Filter>
    <Filter Include="Header Files\Game">
      <UniqueIdentifier>{cd91f98d-0a32-4053-a003-450a64dbf5f4}</UniqueIdentifier>
    </Filter>
    <Filter Include="Source Files\Game\Tile">
      <UniqueIdentifier>{d2d47983-96a5-4e4a-821b-3e8897dda903}</UniqueIdentifier>
    </Filter>
    <Filter Include="Header Files\Game\Tile">
      <UniqueIdentifier>{91dd86f8-5876-40f7-89a0-feb070a99a50}</UniqueIdentifier>
    </Filter>
    <Filter Include="Source Files\Game\Food">
      <UniqueIdentifier>{a1b29030-3aed-4871-ad53-7035d9b85634}</UniqueIdentifier>
    </Filter>
    <Filter Include="Header Files\Game\Food">
      <UniqueIdentifier>{d71be984-a150-4cde-8195-ae451e6202aa}</UniqueIdentifier>
    </Filter>
    <Filter Include="Source Files\Game\Pacman">
      <UniqueIdentifier>{121293fd-45fc-4f58-abf5-98651ec7294f}</UniqueIdentifier>
    </Filter>
    <Filter Include="Header Files\Game\Pacman">
      <UniqueIdentifier>{ec49577f-0b5b-4606-81b1-1b46b6a9938c}</UniqueIdentifier>
    </Filter>
    <Filter Include="Header Files\Engine">
      <UniqueIdentifier>{9bd4e0b0-eca1-45ec-ab3e-395c414d500d}</UniqueIdentifier>
    </Filter>
    <Filter Include="Header Files\Engine\Core">
      <UniqueIdentifier>{6db51c3b-f1df-42cc-95f5-56a0a7b56154}</UniqueIdentifier>
    </Filter>
    <Filter Include="Source Files\Engine">
      <UniqueIdentifier>{1d1a962c-5e76-4651-9a69-9981858a8f0c}</UniqueIdentifier>
    </Filter>
    <Filter Include="Source Files\Engine\Core">
      <UniqueIdentifier>{7e0c0297-346c-41ac-82dd-96f6c783c671}</UniqueIdentifier>
    </Filter>
    <Filter Include="Header Files\Game\Ghost">
      <UniqueIdentifier>{675cdd32-038e-4674-b8df-190471a6a99b}</UniqueIdentifier>
    </Filter>
    <Filter Include="Source Files\Game\Ghost">
      <UniqueIdentifier>{3b3b2313-3972-4ad4-b5f4-0f6acb0a8299}</UniqueIdentifier>
    </Filter>
  </ItemGroup>
  <ItemGroup>
    <ClCompile Include="Game.cpp">
      <Filter>Source Files</Filter>
    </ClCompile>
    <ClCompile Include="World.cpp">
      <Filter>Source Files\Game</Filter>
    </ClCompile>
    <ClCompile Include="TileGraphicsComponent.cpp">
      <Filter>Source Files\Game\Tile</Filter>
    </ClCompile>
    <ClCompile Include="TilePhysicsComponent.cpp">
      <Filter>Source Files\Game\Tile</Filter>
    </ClCompile>
    <ClCompile Include="TileInputComponent.cpp">
      <Filter>Source Files\Game\Tile</Filter>
    </ClCompile>
    <ClCompile Include="Level.cpp">
      <Filter>Source Files\Game</Filter>
    </ClCompile>
    <ClCompile Include="FoodGraphicsComponent.cpp">
      <Filter>Source Files\Game\Food</Filter>
    </ClCompile>
    <ClCompile Include="FoodPhysicsComponent.cpp">
      <Filter>Source Files\Game\Food</Filter>
    </ClCompile>
    <ClCompile Include="FoodInputComponent.cpp">
      <Filter>Source Files\Game\Food</Filter>
    </ClCompile>
    <ClCompile Include="PacmanGraphicsComponent.cpp">
      <Filter>Source Files\Game\Pacman</Filter>
    </ClCompile>
    <ClCompile Include="PacmanInputComponent.cpp">
      <Filter>Source Files\Game\Pacman</Filter>
    </ClCompile>
    <ClCompile Include="PacmanPhysicsComponent.cpp">
      <Filter>Source Files\Game\Pacman</Filter>
    </ClCompile>
    <ClCompile Include="CollisionBox.cpp">
      <Filter>Source Files\Engine</Filter>
    </ClCompile>
    <ClCompile Include="GameObject.cpp">
      <Filter>Source Files\Engine</Filter>
    </ClCompile>
    <ClCompile Include="GameTexture.cpp">
      <Filter>Source Files\Engine</Filter>
    </ClCompile>
    <ClCompile Include="Rectangle.cpp">
      <Filter>Source Files\Engine\Core</Filter>
    </ClCompile>
    <ClCompile Include="System.cpp">
      <Filter>Source Files\Engine\Core</Filter>
    </ClCompile>
    <ClCompile Include="SystemGraphics.cpp">
      <Filter>Source Files\Engine\Core</Filter>
    </ClCompile>
    <ClCompile Include="SystemInput.cpp">
      <Filter>Source Files\Engine\Core</Filter>
    </ClCompile>
    <ClCompile Include="GhostInputComponent.cpp">
      <Filter>Source Files\Game\Ghost</Filter>
    </ClCompile>
    <ClCompile Include="GhostPhysicsComponent.cpp">
      <Filter>Source Files\Game\Ghost</Filter>
    </ClCompile>
    <ClCompile Include="GhostGraphicsComponent.cpp">
      <Filter>Source Files\Game\Ghost</Filter>
    </ClCompile>
    <ClCompile Include="MovingPhysicsComponent.cpp">
      <Filter>Source Files\Game</Filter>
    </ClCompile>
  </ItemGroup>
  <ItemGroup>
    <ClInclude Include="World.h">
      <Filter>Header Files\Game</Filter>
    </ClInclude>
    <ClInclude Include="TileGraphicsComponent.h">
      <Filter>Header Files\Game\Tile</Filter>
    </ClInclude>
    <ClInclude Include="TilePhysicsComponent.h">
      <Filter>Header Files\Game\Tile</Filter>
    </ClInclude>
    <ClInclude Include="TileInputComponent.h">
      <Filter>Header Files\Game\Tile</Filter>
    </ClInclude>
    <ClInclude Include="Level.h">
      <Filter>Header Files\Game</Filter>
    </ClInclude>
    <ClInclude Include="TileType.h">
      <Filter>Header Files\Game</Filter>
    </ClInclude>
    <ClInclude Include="FoodGraphicsComponent.h">
      <Filter>Header Files\Game\Food</Filter>
    </ClInclude>
    <ClInclude Include="FoodPhysicsComponent.h">
      <Filter>Header Files\Game\Food</Filter>
    </ClInclude>
    <ClInclude Include="FoodInputComponent.h">
      <Filter>Header Files\Game\Food</Filter>
    </ClInclude>
    <ClInclude Include="PacmanGraphicsComponent.h">
      <Filter>Header Files\Game\Pacman</Filter>
    </ClInclude>
    <ClInclude Include="PacmanInputComponent.h">
      <Filter>Header Files\Game\Pacman</Filter>
    </ClInclude>
    <ClInclude Include="PacmanPhysicsComponent.h">
      <Filter>Header Files\Game\Pacman</Filter>
    </ClInclude>
    <ClInclude Include="CollisionBox.h">
      <Filter>Header Files\Engine</Filter>
    </ClInclude>
    <ClInclude Include="Command.h">
      <Filter>Header Files\Engine</Filter>
    </ClInclude>
    <ClInclude Include="Component.h">
      <Filter>Header Files\Engine</Filter>
    </ClInclude>
    <ClInclude Include="Message.h">
      <Filter>Header Files\Engine</Filter>
    </ClInclude>
    <ClInclude Include="GameObject.h">
      <Filter>Header Files\Engine</Filter>
    </ClInclude>
    <ClInclude Include="GameTexture.h">
      <Filter>Header Files\Engine</Filter>
    </ClInclude>
    <ClInclude Include="GraphicsComponent.h">
      <Filter>Header Files\Engine</Filter>
    </ClInclude>
    <ClInclude Include="InputComponent.h">
      <Filter>Header Files\Engine</Filter>
    </ClInclude>
    <ClInclude Include="PhysicsComponent.h">
      <Filter>Header Files\Engine</Filter>
    </ClInclude>
    <ClInclude Include="Rectangle.h">
      <Filter>Header Files\Engine\Core</Filter>
    </ClInclude>
    <ClInclude Include="System.h">
      <Filter>Header Files\Engine\Core</Filter>
    </ClInclude>
    <ClInclude Include="SystemGraphics.h">
      <Filter>Header Files\Engine\Core</Filter>
    </ClInclude>
    <ClInclude Include="SystemInput.h">
      <Filter>Header Files\Engine\Core</Filter>
    </ClInclude>
    <ClInclude Include="GhostInputComponent.h">
      <Filter>Header Files\Game\Ghost</Filter>
    </ClInclude>
    <ClInclude Include="GhostPhysicsComponent.h">
      <Filter>Header Files\Game\Ghost</Filter>
    </ClInclude>
    <ClInclude Include="GhostGraphicsComponent.h">
      <Filter>Header Files\Game\Ghost</Filter>
    </ClInclude>
    <ClInclude Include="MovingPhysicsComponent.h">
      <Filter>Header Files\Game</Filter>
    </ClInclude>
  </ItemGroup>
</Project>